
Microsoft Visual Studio Solution File, Format Version 12.00
# Visual Studio 15
VisualStudioVersion = 15.0.28307.329
MinimumVisualStudioVersion = 10.0.40219.1
Project("{FAE04EC0-301F-11D3-BF4B-00C04F79EFBC}") = "AutoprevoznikGUI", "AutoprevoznikGUI\AutoprevoznikGUI.csproj", "{7F74FC0A-53E9-4F50-B992-E0F14FF817D2}"
EndProject
Project("{00D1A9C2-B5F0-4AF3-8072-F6C62B433612}") = "Autoprevoznik", "Autoprevoznik\Autoprevoznik.sqlproj", "{A3CEB6C8-14D4-4358-AD0E-28F69E4BA972}"
EndProject
Global
	GlobalSection(SolutionConfigurationPlatforms) = preSolution
		Debug|Any CPU = Debug|Any CPU
		Release|Any CPU = Release|Any CPU
	EndGlobalSection
	GlobalSection(ProjectConfigurationPlatforms) = postSolution
		{7F74FC0A-53E9-4F50-B992-E0F14FF817D2}.Debug|Any CPU.ActiveCfg = Debug|Any CPU
		{7F74FC0A-53E9-4F50-B992-E0F14FF817D2}.Debug|Any CPU.Build.0 = Debug|Any CPU
		{7F74FC0A-53E9-4F50-B992-E0F14FF817D2}.Release|Any CPU.ActiveCfg = Release|Any CPU
		{7F74FC0A-53E9-4F50-B992-E0F14FF817D2}.Release|Any CPU.Build.0 = Release|Any CPU
		{A3CEB6C8-14D4-4358-AD0E-28F69E4BA972}.Debug|Any CPU.ActiveCfg = Debug|Any CPU
		{A3CEB6C8-14D4-4358-AD0E-28F69E4BA972}.Debug|Any CPU.Build.0 = Debug|Any CPU
		{A3CEB6C8-14D4-4358-AD0E-28F69E4BA972}.Debug|Any CPU.Deploy.0 = Debug|Any CPU
		{A3CEB6C8-14D4-4358-AD0E-28F69E4BA972}.Release|Any CPU.ActiveCfg = Release|Any CPU
		{A3CEB6C8-14D4-4358-AD0E-28F69E4BA972}.Release|Any CPU.Build.0 = Release|Any CPU
		{A3CEB6C8-14D4-4358-AD0E-28F69E4BA972}.Release|Any CPU.Deploy.0 = Release|Any CPU
	EndGlobalSection
	GlobalSection(SolutionProperties) = preSolution
		HideSolutionNode = FALSE
	EndGlobalSection
	GlobalSection(ExtensibilityGlobals) = postSolution
		SolutionGuid = {ADAF9AAF-1BE3-49AF-95C9-537BACB306E8}
	EndGlobalSection
EndGlobal
